
Microsoft Visual Studio Solution File, Format Version 12.00
# Visual Studio Version 17
VisualStudioVersion = 17.14.36511.14 d17.14
MinimumVisualStudioVersion = 10.0.40219.1
Project("{FAE04EC0-301F-11D3-BF4B-00C04F79EFBC}") = "ii.RobertHat", "ii.RobertHat.csproj", "{A5B2276E-8984-02CC-D922-9EBBD9626326}"
EndProject
Global
	GlobalSection(SolutionConfigurationPlatforms) = preSolution
		Debug|Any CPU = Debug|Any CPU
		Release|Any CPU = Release|Any CPU
	EndGlobalSection
	GlobalSection(ProjectConfigurationPlatforms) = postSolution
		{A5B2276E-8984-02CC-D922-9EBBD9626326}.Debug|Any CPU.ActiveCfg = Debug|Any CPU
		{A5B2276E-8984-02CC-D922-9EBBD9626326}.Debug|Any CPU.Build.0 = Debug|Any CPU
		{A5B2276E-8984-02CC-D922-9EBBD9626326}.Release|Any CPU.ActiveCfg = Release|Any CPU
		{A5B2276E-8984-02CC-D922-9EBBD9626326}.Release|Any CPU.Build.0 = Release|Any CPU
	EndGlobalSection
	GlobalSection(SolutionProperties) = preSolution
		HideSolutionNode = FALSE
	EndGlobalSection
	GlobalSection(ExtensibilityGlobals) = postSolution
		SolutionGuid = {C0F77D38-A41A-482A-8E56-A3D9E45404B1}
	EndGlobalSection
EndGlobal
